
Microsoft Visual Studio Solution File, Format Version 12.00
# Visual Studio 14
VisualStudioVersion = 14.0.25420.1
MinimumVisualStudioVersion = 10.0.40219.1
Project("{FAE04EC0-301F-11D3-BF4B-00C04F79EFBC}") = "Login.Core", "Login.Core\Login.Core.csproj", "{66B08323-5EC5-45EF-A18C-C2A1A51AA98B}"
EndProject
Project("{FAE04EC0-301F-11D3-BF4B-00C04F79EFBC}") = "Login.Web", "Login.Web\Login.Web.csproj", "{92FD3B77-2512-4913-910D-1B805BFBAD79}"
EndProject
Project("{FAE04EC0-301F-11D3-BF4B-00C04F79EFBC}") = "Login.Common", "Login.Common\Login.Common.csproj", "{052B7108-2AAF-4B8E-A310-B948A9A029D5}"
EndProject
Global
	GlobalSection(SolutionConfigurationPlatforms) = preSolution
		Debug|Any CPU = Debug|Any CPU
		Release|Any CPU = Release|Any CPU
	EndGlobalSection
	GlobalSection(ProjectConfigurationPlatforms) = postSolution
		{66B08323-5EC5-45EF-A18C-C2A1A51AA98B}.Debug|Any CPU.ActiveCfg = Debug|Any CPU
		{66B08323-5EC5-45EF-A18C-C2A1A51AA98B}.Debug|Any CPU.Build.0 = Debug|Any CPU
		{66B08323-5EC5-45EF-A18C-C2A1A51AA98B}.Release|Any CPU.ActiveCfg = Release|Any CPU
		{66B08323-5EC5-45EF-A18C-C2A1A51AA98B}.Release|Any CPU.Build.0 = Release|Any CPU
		{92FD3B77-2512-4913-910D-1B805BFBAD79}.Debug|Any CPU.ActiveCfg = Debug|Any CPU
		{92FD3B77-2512-4913-910D-1B805BFBAD79}.Debug|Any CPU.Build.0 = Debug|Any CPU
		{92FD3B77-2512-4913-910D-1B805BFBAD79}.Release|Any CPU.ActiveCfg = Release|Any CPU
		{92FD3B77-2512-4913-910D-1B805BFBAD79}.Release|Any CPU.Build.0 = Release|Any CPU
		{052B7108-2AAF-4B8E-A310-B948A9A029D5}.Debug|Any CPU.ActiveCfg = Debug|Any CPU
		{052B7108-2AAF-4B8E-A310-B948A9A029D5}.Debug|Any CPU.Build.0 = Debug|Any CPU
		{052B7108-2AAF-4B8E-A310-B948A9A029D5}.Release|Any CPU.ActiveCfg = Release|Any CPU
		{052B7108-2AAF-4B8E-A310-B948A9A029D5}.Release|Any CPU.Build.0 = Release|Any CPU
	EndGlobalSection
	GlobalSection(SolutionProperties) = preSolution
		HideSolutionNode = FALSE
	EndGlobalSection
EndGlobal
